// !$*UTF8*$!
{
	archiveVersion = 1;
	classes = {
	};
	objectVersion = 46;
	objects = {

/* Begin PBXBuildFile section */
		AE434C0219D99AFE00FB0899 /* main.m in Sources */ = {isa = PBXBuildFile; fileRef = AE434C0119D99AFE00FB0899 /* main.m */; };
		AE434C0519D99AFE00FB0899 /* AppDelegate.m in Sources */ = {isa = PBXBuildFile; fileRef = AE434C0419D99AFE00FB0899 /* AppDelegate.m */; };
		AE434C0819D99AFE00FB0899 /* ViewController.m in Sources */ = {isa = PBXBuildFile; fileRef = AE434C0719D99AFE00FB0899 /* ViewController.m */; };
		AE434C0B19D99AFE00FB0899 /* Main.storyboard in Resources */ = {isa = PBXBuildFile; fileRef = AE434C0919D99AFE00FB0899 /* Main.storyboard */; };
		AE434C0D19D99AFE00FB0899 /* Images.xcassets in Resources */ = {isa = PBXBuildFile; fileRef = AE434C0C19D99AFE00FB0899 /* Images.xcassets */; };
		AE434C1019D99AFE00FB0899 /* LaunchScreen.xib in Resources */ = {isa = PBXBuildFile; fileRef = AE434C0E19D99AFE00FB0899 /* LaunchScreen.xib */; };
		AE434C1C19D99AFE00FB0899 /* SocketTest02Tests.m in Sources */ = {isa = PBXBuildFile; fileRef = AE434C1B19D99AFE00FB0899 /* SocketTest02Tests.m */; };
		AE434C2619D99B5000FB0899 /* Foundation.framework in Frameworks */ = {isa = PBXBuildFile; fileRef = AE434C2519D99B5000FB0899 /* Foundation.framework */; };
		AE434C2819D99B5600FB0899 /* UIKit.framework in Frameworks */ = {isa = PBXBuildFile; fileRef = AE434C2719D99B5600FB0899 /* UIKit.framework */; };
		AEDF11B019D99D5C007576C8 /* Security.framework in Frameworks */ = {isa = PBXBuildFile; fileRef = AEDF11AF19D99D5B007576C8 /* Security.framework */; };
		AEDF11B219D99D61007576C8 /* CFNetwork.framework in Frameworks */ = {isa = PBXBuildFile; fileRef = AEDF11B119D99D61007576C8 /* CFNetwork.framework */; };
		AEDF11B419D99DD6007576C8 /* SystemConfiguration.framework in Frameworks */ = {isa = PBXBuildFile; fileRef = AEDF11B319D99DD6007576C8 /* SystemConfiguration.framework */; };
		AEDF11C919D99E82007576C8 /* AFHTTPRequestOperation.m in Sources */ = {isa = PBXBuildFile; fileRef = AEDF11B719D99E82007576C8 /* AFHTTPRequestOperation.m */; };
		AEDF11CA19D99E82007576C8 /* AFHTTPRequestOperationManager.m in Sources */ = {isa = PBXBuildFile; fileRef = AEDF11B919D99E82007576C8 /* AFHTTPRequestOperationManager.m */; };
		AEDF11CB19D99E82007576C8 /* AFHTTPSessionManager.m in Sources */ = {isa = PBXBuildFile; fileRef = AEDF11BB19D99E82007576C8 /* AFHTTPSessionManager.m */; };
		AEDF11CC19D99E82007576C8 /* AFNetworkReachabilityManager.m in Sources */ = {isa = PBXBuildFile; fileRef = AEDF11BE19D99E82007576C8 /* AFNetworkReachabilityManager.m */; };
		AEDF11CD19D99E82007576C8 /* AFSecurityPolicy.m in Sources */ = {isa = PBXBuildFile; fileRef = AEDF11C019D99E82007576C8 /* AFSecurityPolicy.m */; };
		AEDF11CE19D99E82007576C8 /* AFURLConnectionOperation.m in Sources */ = {isa = PBXBuildFile; fileRef = AEDF11C219D99E82007576C8 /* AFURLConnectionOperation.m */; };
		AEDF11CF19D99E82007576C8 /* AFURLRequestSerialization.m in Sources */ = {isa = PBXBuildFile; fileRef = AEDF11C419D99E82007576C8 /* AFURLRequestSerialization.m */; };
		AEDF11D019D99E82007576C8 /* AFURLResponseSerialization.m in Sources */ = {isa = PBXBuildFile; fileRef = AEDF11C619D99E82007576C8 /* AFURLResponseSerialization.m */; };
		AEDF11D119D99E82007576C8 /* AFURLSessionManager.m in Sources */ = {isa = PBXBuildFile; fileRef = AEDF11C819D99E82007576C8 /* AFURLSessionManager.m */; };
		AEDF11D419D99F17007576C8 /* Room.m in Sources */ = {isa = PBXBuildFile; fileRef = AEDF11D319D99F17007576C8 /* Room.m */; };
		AEDF11D919D9A6B9007576C8 /* AsyncSocket.m in Sources */ = {isa = PBXBuildFile; fileRef = AEDF11D619D9A6B9007576C8 /* AsyncSocket.m */; };
		AEDF11DA19D9A6B9007576C8 /* AsyncUdpSocket.m in Sources */ = {isa = PBXBuildFile; fileRef = AEDF11D819D9A6B9007576C8 /* AsyncUdpSocket.m */; };
		AEDF11DD19D9A7B4007576C8 /* AlertViewController.m in Sources */ = {isa = PBXBuildFile; fileRef = AEDF11DC19D9A7B4007576C8 /* AlertViewController.m */; };
		AEEDA34819DABD7600CAE637 /* HttpRequestManager.m in Sources */ = {isa = PBXBuildFile; fileRef = AEEDA34719DABD7600CAE637 /* HttpRequestManager.m */; };
		AEEDA34D19DACA2800CAE637 /* GCDAsyncSocket.m in Sources */ = {isa = PBXBuildFile; fileRef = AEEDA34A19DACA2800CAE637 /* GCDAsyncSocket.m */; };
		AEEDA34E19DACA2800CAE637 /* GCDAsyncUdpSocket.m in Sources */ = {isa = PBXBuildFile; fileRef = AEEDA34C19DACA2800CAE637 /* GCDAsyncUdpSocket.m */; };
/* End PBXBuildFile section */

/* Begin PBXContainerItemProxy section */
		AE434C1619D99AFE00FB0899 /* PBXContainerItemProxy */ = {
			isa = PBXContainerItemProxy;
			containerPortal = AE434BF419D99AFE00FB0899 /* Project object */;
			proxyType = 1;
			remoteGlobalIDString = AE434BFB19D99AFE00FB0899;
			remoteInfo = SocketTest02;
		};
/* End PBXContainerItemProxy section */

/* Begin PBXFileReference section */
		AE434BFC19D99AFE00FB0899 /* SocketTest02.app */ = {isa = PBXFileReference; explicitFileType = wrapper.application; includeInIndex = 0; path = SocketTest02.app; sourceTree = BUILT_PRODUCTS_DIR; };
		AE434C0019D99AFE00FB0899 /* Info.plist */ = {isa = PBXFileReference; lastKnownFileType = text.plist.xml; path = Info.plist; sourceTree = "<group>"; };
		AE434C0119D99AFE00FB0899 /* main.m */ = {isa = PBXFileReference; lastKnownFileType = sourcecode.c.objc; path = main.m; sourceTree = "<group>"; };
		AE434C0319D99AFE00FB0899 /* AppDelegate.h */ = {isa = PBXFileReference; lastKnownFileType = sourcecode.c.h; path = AppDelegate.h; sourceTree = "<group>"; };
		AE434C0419D99AFE00FB0899 /* AppDelegate.m */ = {isa = PBXFileReference; lastKnownFileType = sourcecode.c.objc; path = AppDelegate.m; sourceTree = "<group>"; };
		AE434C0619D99AFE00FB0899 /* ViewController.h */ = {isa = PBXFileReference; lastKnownFileType = sourcecode.c.h; path = ViewController.h; sourceTree = "<group>"; };
		AE434C0719D99AFE00FB0899 /* ViewController.m */ = {isa = PBXFileReference; lastKnownFileType = sourcecode.c.objc; path = ViewController.m; sourceTree = "<group>"; };
		AE434C0A19D99AFE00FB0899 /* Base */ = {isa = PBXFileReference; lastKnownFileType = file.storyboard; name = Base; path = Base.lproj/Main.storyboard; sourceTree = "<group>"; };
		AE434C0C19D99AFE00FB0899 /* Images.xcassets */ = {isa = PBXFileReference; lastKnownFileType = folder.assetcatalog; path = Images.xcassets; sourceTree = "<group>"; };
		AE434C0F19D99AFE00FB0899 /* Base */ = {isa = PBXFileReference; lastKnownFileType = file.xib; name = Base; path = Base.lproj/LaunchScreen.xib; sourceTree = "<group>"; };
		AE434C1519D99AFE00FB0899 /* SocketTest02Tests.xctest */ = {isa = PBXFileReference; explicitFileType = wrapper.cfbundle; includeInIndex = 0; path = SocketTest02Tests.xctest; sourceTree = BUILT_PRODUCTS_DIR; };
		AE434C1A19D99AFE00FB0899 /* Info.plist */ = {isa = PBXFileReference; lastKnownFileType = text.plist.xml; path = Info.plist; sourceTree = "<group>"; };
		AE434C1B19D99AFE00FB0899 /* SocketTest02Tests.m */ = {isa = PBXFileReference; lastKnownFileType = sourcecode.c.objc; path = SocketTest02Tests.m; sourceTree = "<group>"; };
		AE434C2519D99B5000FB0899 /* Foundation.framework */ = {isa = PBXFileReference; lastKnownFileType = wrapper.framework; name = Foundation.framework; path = System/Library/Frameworks/Foundation.framework; sourceTree = SDKROOT; };
		AE434C2719D99B5600FB0899 /* UIKit.framework */ = {isa = PBXFileReference; lastKnownFileType = wrapper.framework; name = UIKit.framework; path = System/Library/Frameworks/UIKit.framework; sourceTree = SDKROOT; };
		AEDF11AF19D99D5B007576C8 /* Security.framework */ = {isa = PBXFileReference; lastKnownFileType = wrapper.framework; name = Security.framework; path = System/Library/Frameworks/Security.framework; sourceTree = SDKROOT; };
		AEDF11B119D99D61007576C8 /* CFNetwork.framework */ = {isa = PBXFileReference; lastKnownFileType = wrapper.framework; name = CFNetwork.framework; path = System/Library/Frameworks/CFNetwork.framework; sourceTree = SDKROOT; };
		AEDF11B319D99DD6007576C8 /* SystemConfiguration.framework */ = {isa = PBXFileReference; lastKnownFileType = wrapper.framework; name = SystemConfiguration.framework; path = System/Library/Frameworks/SystemConfiguration.framework; sourceTree = SDKROOT; };
		AEDF11B619D99E82007576C8 /* AFHTTPRequestOperation.h */ = {isa = PBXFileReference; fileEncoding = 4; lastKnownFileType = sourcecode.c.h; path = AFHTTPRequestOperation.h; sourceTree = "<group>"; };
		AEDF11B719D99E82007576C8 /* AFHTTPRequestOperation.m */ = {isa = PBXFileReference; fileEncoding = 4; lastKnownFileType = sourcecode.c.objc; path = AFHTTPRequestOperation.m; sourceTree = "<group>"; };
		AEDF11B819D99E82007576C8 /* AFHTTPRequestOperationManager.h */ = {isa = PBXFileReference; fileEncoding = 4; lastKnownFileType = sourcecode.c.h; path = AFHTTPRequestOperationManager.h; sourceTree = "<group>"; };
		AEDF11B919D99E82007576C8 /* AFHTTPRequestOperationManager.m */ = {isa = PBXFileReference; fileEncoding = 4; lastKnownFileType = sourcecode.c.objc; path = AFHTTPRequestOperationManager.m; sourceTree = "<group>"; };
		AEDF11BA19D99E82007576C8 /* AFHTTPSessionManager.h */ = {isa = PBXFileReference; fileEncoding = 4; lastKnownFileType = sourcecode.c.h; path = AFHTTPSessionManager.h; sourceTree = "<group>"; };
		AEDF11BB19D99E82007576C8 /* AFHTTPSessionManager.m */ = {isa = PBXFileReference; fileEncoding = 4; lastKnownFileType = sourcecode.c.objc; path = AFHTTPSessionManager.m; sourceTree = "<group>"; };
		AEDF11BC19D99E82007576C8 /* AFNetworking.h */ = {isa = PBXFileReference; fileEncoding = 4; lastKnownFileType = sourcecode.c.h; path = AFNetworking.h; sourceTree = "<group>"; };
		AEDF11BD19D99E82007576C8 /* AFNetworkReachabilityManager.h */ = {isa = PBXFileReference; fileEncoding = 4; lastKnownFileType = sourcecode.c.h; path = AFNetworkReachabilityManager.h; sourceTree = "<group>"; };
		AEDF11BE19D99E82007576C8 /* AFNetworkReachabilityManager.m */ = {isa = PBXFileReference; fileEncoding = 4; lastKnownFileType = sourcecode.c.objc; path = AFNetworkReachabilityManager.m; sourceTree = "<group>"; };
		AEDF11BF19D99E82007576C8 /* AFSecurityPolicy.h */ = {isa = PBXFileReference; fileEncoding = 4; lastKnownFileType = sourcecode.c.h; path = AFSecurityPolicy.h; sourceTree = "<group>"; };
		AEDF11C019D99E82007576C8 /* AFSecurityPolicy.m */ = {isa = PBXFileReference; fileEncoding = 4; lastKnownFileType = sourcecode.c.objc; path = AFSecurityPolicy.m; sourceTree = "<group>"; };
		AEDF11C119D99E82007576C8 /* AFURLConnectionOperation.h */ = {isa = PBXFileReference; fileEncoding = 4; lastKnownFileType = sourcecode.c.h; path = AFURLConnectionOperation.h; sourceTree = "<group>"; };
		AEDF11C219D99E82007576C8 /* AFURLConnectionOperation.m */ = {isa = PBXFileReference; fileEncoding = 4; lastKnownFileType = sourcecode.c.objc; path = AFURLConnectionOperation.m; sourceTree = "<group>"; };
		AEDF11C319D99E82007576C8 /* AFURLRequestSerialization.h */ = {isa = PBXFileReference; fileEncoding = 4; lastKnownFileType = sourcecode.c.h; path = AFURLRequestSerialization.h; sourceTree = "<group>"; };
		AEDF11C419D99E82007576C8 /* AFURLRequestSerialization.m */ = {isa = PBXFileReference; fileEncoding = 4; lastKnownFileType = sourcecode.c.objc; path = AFURLRequestSerialization.m; sourceTree = "<group>"; };
		AEDF11C519D99E82007576C8 /* AFURLResponseSerialization.h */ = {isa = PBXFileReference; fileEncoding = 4; lastKnownFileType = sourcecode.c.h; path = AFURLResponseSerialization.h; sourceTree = "<group>"; };
		AEDF11C619D99E82007576C8 /* AFURLResponseSerialization.m */ = {isa = PBXFileReference; fileEncoding = 4; lastKnownFileType = sourcecode.c.objc; path = AFURLResponseSerialization.m; sourceTree = "<group>"; };
		AEDF11C719D99E82007576C8 /* AFURLSessionManager.h */ = {isa = PBXFileReference; fileEncoding = 4; lastKnownFileType = sourcecode.c.h; path = AFURLSessionManager.h; sourceTree = "<group>"; };
		AEDF11C819D99E82007576C8 /* AFURLSessionManager.m */ = {isa = PBXFileReference; fileEncoding = 4; lastKnownFileType = sourcecode.c.objc; path = AFURLSessionManager.m; sourceTree = "<group>"; };
		AEDF11D219D99F17007576C8 /* Room.h */ = {isa = PBXFileReference; fileEncoding = 4; lastKnownFileType = sourcecode.c.h; path = Room.h; sourceTree = "<group>"; };
		AEDF11D319D99F17007576C8 /* Room.m */ = {isa = PBXFileReference; fileEncoding = 4; lastKnownFileType = sourcecode.c.objc; path = Room.m; sourceTree = "<group>"; };
		AEDF11D519D9A6B9007576C8 /* AsyncSocket.h */ = {isa = PBXFileReference; fileEncoding = 4; lastKnownFileType = sourcecode.c.h; path = AsyncSocket.h; sourceTree = "<group>"; };
		AEDF11D619D9A6B9007576C8 /* AsyncSocket.m */ = {isa = PBXFileReference; fileEncoding = 4; lastKnownFileType = sourcecode.c.objc; path = AsyncSocket.m; sourceTree = "<group>"; };
		AEDF11D719D9A6B9007576C8 /* AsyncUdpSocket.h */ = {isa = PBXFileReference; fileEncoding = 4; lastKnownFileType = sourcecode.c.h; path = AsyncUdpSocket.h; sourceTree = "<group>"; };
		AEDF11D819D9A6B9007576C8 /* AsyncUdpSocket.m */ = {isa = PBXFileReference; fileEncoding = 4; lastKnownFileType = sourcecode.c.objc; path = AsyncUdpSocket.m; sourceTree = "<group>"; };
		AEDF11DB19D9A7B4007576C8 /* AlertViewController.h */ = {isa = PBXFileReference; fileEncoding = 4; lastKnownFileType = sourcecode.c.h; path = AlertViewController.h; sourceTree = "<group>"; };
		AEDF11DC19D9A7B4007576C8 /* AlertViewController.m */ = {isa = PBXFileReference; fileEncoding = 4; lastKnownFileType = sourcecode.c.objc; path = AlertViewController.m; sourceTree = "<group>"; };
		AEEDA34619DABD7600CAE637 /* HttpRequestManager.h */ = {isa = PBXFileReference; fileEncoding = 4; lastKnownFileType = sourcecode.c.h; path = HttpRequestManager.h; sourceTree = "<group>"; };
		AEEDA34719DABD7600CAE637 /* HttpRequestManager.m */ = {isa = PBXFileReference; fileEncoding = 4; lastKnownFileType = sourcecode.c.objc; path = HttpRequestManager.m; sourceTree = "<group>"; };
		AEEDA34919DACA2800CAE637 /* GCDAsyncSocket.h */ = {isa = PBXFileReference; fileEncoding = 4; lastKnownFileType = sourcecode.c.h; path = GCDAsyncSocket.h; sourceTree = "<group>"; };
		AEEDA34A19DACA2800CAE637 /* GCDAsyncSocket.m */ = {isa = PBXFileReference; fileEncoding = 4; lastKnownFileType = sourcecode.c.objc; path = GCDAsyncSocket.m; sourceTree = "<group>"; };
		AEEDA34B19DACA2800CAE637 /* GCDAsyncUdpSocket.h */ = {isa = PBXFileReference; fileEncoding = 4; lastKnownFileType = sourcecode.c.h; path = GCDAsyncUdpSocket.h; sourceTree = "<group>"; };
		AEEDA34C19DACA2800CAE637 /* GCDAsyncUdpSocket.m */ = {isa = PBXFileReference; fileEncoding = 4; lastKnownFileType = sourcecode.c.objc; path = GCDAsyncUdpSocket.m; sourceTree = "<group>"; };
/* End PBXFileReference section */

/* Begin PBXFrameworksBuildPhase section */
		AE434BF919D99AFE00FB0899 /* Frameworks */ = {
			isa = PBXFrameworksBuildPhase;
			buildActionMask = 2147483647;
			files = (
				AEDF11B419D99DD6007576C8 /* SystemConfiguration.framework in Frameworks */,
				AEDF11B219D99D61007576C8 /* CFNetwork.framework in Frameworks */,
				AEDF11B019D99D5C007576C8 /* Security.framework in Frameworks */,
				AE434C2819D99B5600FB0899 /* UIKit.framework in Frameworks */,
				AE434C2619D99B5000FB0899 /* Foundation.framework in Frameworks */,
			);
			runOnlyForDeploymentPostprocessing = 0;
		};
		AE434C1219D99AFE00FB0899 /* Frameworks */ = {
			isa = PBXFrameworksBuildPhase;
			buildActionMask = 2147483647;
			files = (
			);
			runOnlyForDeploymentPostprocessing = 0;
		};
/* End PBXFrameworksBuildPhase section */

/* Begin PBXGroup section */
		AE434BF319D99AFE00FB0899 = {
			isa = PBXGroup;
			children = (
				AEDF11B519D99E82007576C8 /* AFNetworking */,
				AEDF11B319D99DD6007576C8 /* SystemConfiguration.framework */,
				AEDF11B119D99D61007576C8 /* CFNetwork.framework */,
				AEDF11AF19D99D5B007576C8 /* Security.framework */,
				AE434C2719D99B5600FB0899 /* UIKit.framework */,
				AE434C2519D99B5000FB0899 /* Foundation.framework */,
				AE434BFE19D99AFE00FB0899 /* SocketTest02 */,
				AE434C1819D99AFE00FB0899 /* SocketTest02Tests */,
				AE434BFD19D99AFE00FB0899 /* Products */,
			);
			sourceTree = "<group>";
		};
		AE434BFD19D99AFE00FB0899 /* Products */ = {
			isa = PBXGroup;
			children = (
				AE434BFC19D99AFE00FB0899 /* SocketTest02.app */,
				AE434C1519D99AFE00FB0899 /* SocketTest02Tests.xctest */,
			);
			name = Products;
			sourceTree = "<group>";
		};
		AE434BFE19D99AFE00FB0899 /* SocketTest02 */ = {
			isa = PBXGroup;
			children = (
				AEEDA34619DABD7600CAE637 /* HttpRequestManager.h */,
				AEEDA34719DABD7600CAE637 /* HttpRequestManager.m */,
				AEEDA34919DACA2800CAE637 /* GCDAsyncSocket.h */,
				AEEDA34A19DACA2800CAE637 /* GCDAsyncSocket.m */,
				AEEDA34B19DACA2800CAE637 /* GCDAsyncUdpSocket.h */,
				AEEDA34C19DACA2800CAE637 /* GCDAsyncUdpSocket.m */,
				AEDF11D519D9A6B9007576C8 /* AsyncSocket.h */,
				AEDF11D619D9A6B9007576C8 /* AsyncSocket.m */,
				AEDF11D719D9A6B9007576C8 /* AsyncUdpSocket.h */,
				AEDF11D819D9A6B9007576C8 /* AsyncUdpSocket.m */,
				AEDF11D219D99F17007576C8 /* Room.h */,
				AEDF11D319D99F17007576C8 /* Room.m */,
				AE434C0319D99AFE00FB0899 /* AppDelegate.h */,
				AE434C0419D99AFE00FB0899 /* AppDelegate.m */,
				AE434C0619D99AFE00FB0899 /* ViewController.h */,
				AE434C0719D99AFE00FB0899 /* ViewController.m */,
				AEDF11DB19D9A7B4007576C8 /* AlertViewController.h */,
				AEDF11DC19D9A7B4007576C8 /* AlertViewController.m */,
				AE434C0919D99AFE00FB0899 /* Main.storyboard */,
				AE434C0C19D99AFE00FB0899 /* Images.xcassets */,
				AE434C0E19D99AFE00FB0899 /* LaunchScreen.xib */,
				AE434BFF19D99AFE00FB0899 /* Supporting Files */,
			);
			path = SocketTest02;
			sourceTree = "<group>";
		};
		AE434BFF19D99AFE00FB0899 /* Supporting Files */ = {
			isa = PBXGroup;
			children = (
				AE434C0019D99AFE00FB0899 /* Info.plist */,
				AE434C0119D99AFE00FB0899 /* main.m */,
			);
			name = "Supporting Files";
			sourceTree = "<group>";
		};
		AE434C1819D99AFE00FB0899 /* SocketTest02Tests */ = {
			isa = PBXGroup;
			children = (
				AE434C1B19D99AFE00FB0899 /* SocketTest02Tests.m */,
				AE434C1919D99AFE00FB0899 /* Supporting Files */,
			);
			path = SocketTest02Tests;
			sourceTree = "<group>";
		};
		AE434C1919D99AFE00FB0899 /* Supporting Files */ = {
			isa = PBXGroup;
			children = (
				AE434C1A19D99AFE00FB0899 /* Info.plist */,
			);
			name = "Supporting Files";
			sourceTree = "<group>";
		};
		AEDF11B519D99E82007576C8 /* AFNetworking */ = {
			isa = PBXGroup;
			children = (
				AEDF11B619D99E82007576C8 /* AFHTTPRequestOperation.h */,
				AEDF11B719D99E82007576C8 /* AFHTTPRequestOperation.m */,
				AEDF11B819D99E82007576C8 /* AFHTTPRequestOperationManager.h */,
				AEDF11B919D99E82007576C8 /* AFHTTPRequestOperationManager.m */,
				AEDF11BA19D99E82007576C8 /* AFHTTPSessionManager.h */,
				AEDF11BB19D99E82007576C8 /* AFHTTPSessionManager.m */,
				AEDF11BC19D99E82007576C8 /* AFNetworking.h */,
				AEDF11BD19D99E82007576C8 /* AFNetworkReachabilityManager.h */,
				AEDF11BE19D99E82007576C8 /* AFNetworkReachabilityManager.m */,
				AEDF11BF19D99E82007576C8 /* AFSecurityPolicy.h */,
				AEDF11C019D99E82007576C8 /* AFSecurityPolicy.m */,
				AEDF11C119D99E82007576C8 /* AFURLConnectionOperation.h */,
				AEDF11C219D99E82007576C8 /* AFURLConnectionOperation.m */,
				AEDF11C319D99E82007576C8 /* AFURLRequestSerialization.h */,
				AEDF11C419D99E82007576C8 /* AFURLRequestSerialization.m */,
				AEDF11C519D99E82007576C8 /* AFURLResponseSerialization.h */,
				AEDF11C619D99E82007576C8 /* AFURLResponseSerialization.m */,
				AEDF11C719D99E82007576C8 /* AFURLSessionManager.h */,
				AEDF11C819D99E82007576C8 /* AFURLSessionManager.m */,
			);
			path = AFNetworking;
			sourceTree = "<group>";
		};
/* End PBXGroup section */

/* Begin PBXNativeTarget section */
		AE434BFB19D99AFE00FB0899 /* SocketTest02 */ = {
			isa = PBXNativeTarget;
			buildConfigurationList = AE434C1F19D99AFE00FB0899 /* Build configuration list for PBXNativeTarget "SocketTest02" */;
			buildPhases = (
				AE434BF819D99AFE00FB0899 /* Sources */,
				AE434BF919D99AFE00FB0899 /* Frameworks */,
				AE434BFA19D99AFE00FB0899 /* Resources */,
			);
			buildRules = (
			);
			dependencies = (
			);
			name = SocketTest02;
			productName = SocketTest02;
			productReference = AE434BFC19D99AFE00FB0899 /* SocketTest02.app */;
			productType = "com.apple.product-type.application";
		};
		AE434C1419D99AFE00FB0899 /* SocketTest02Tests */ = {
			isa = PBXNativeTarget;
			buildConfigurationList = AE434C2219D99AFE00FB0899 /* Build configuration list for PBXNativeTarget "SocketTest02Tests" */;
			buildPhases = (
				AE434C1119D99AFE00FB0899 /* Sources */,
				AE434C1219D99AFE00FB0899 /* Frameworks */,
				AE434C1319D99AFE00FB0899 /* Resources */,
			);
			buildRules = (
			);
			dependencies = (
				AE434C1719D99AFE00FB0899 /* PBXTargetDependency */,
			);
			name = SocketTest02Tests;
			productName = SocketTest02Tests;
			productReference = AE434C1519D99AFE00FB0899 /* SocketTest02Tests.xctest */;
			productType = "com.apple.product-type.bundle.unit-test";
		};
/* End PBXNativeTarget section */

/* Begin PBXProject section */
		AE434BF419D99AFE00FB0899 /* Project object */ = {
			isa = PBXProject;
			attributes = {
				LastUpgradeCheck = 0600;
				ORGANIZATIONNAME = "Yunus Eren Guzel";
				TargetAttributes = {
					AE434BFB19D99AFE00FB0899 = {
						CreatedOnToolsVersion = 6.0.1;
					};
					AE434C1419D99AFE00FB0899 = {
						CreatedOnToolsVersion = 6.0.1;
						TestTargetID = AE434BFB19D99AFE00FB0899;
					};
				};
			};
			buildConfigurationList = AE434BF719D99AFE00FB0899 /* Build configuration list for PBXProject "SocketTest02" */;
			compatibilityVersion = "Xcode 3.2";
			developmentRegion = English;
			hasScannedForEncodings = 0;
			knownRegions = (
				en,
				Base,
			);
			mainGroup = AE434BF319D99AFE00FB0899;
			productRefGroup = AE434BFD19D99AFE00FB0899 /* Products */;
			projectDirPath = "";
			projectRoot = "";
			targets = (
				AE434BFB19D99AFE00FB0899 /* SocketTest02 */,
				AE434C1419D99AFE00FB0899 /* SocketTest02Tests */,
			);
		};
/* End PBXProject section */

/* Begin PBXResourcesBuildPhase section */
		AE434BFA19D99AFE00FB0899 /* Resources */ = {
			isa = PBXResourcesBuildPhase;
			buildActionMask = 2147483647;
			files = (
				AE434C0B19D99AFE00FB0899 /* Main.storyboard in Resources */,
				AE434C1019D99AFE00FB0899 /* LaunchScreen.xib in Resources */,
				AE434C0D19D99AFE00FB0899 /* Images.xcassets in Resources */,
			);
			runOnlyForDeploymentPostprocessing = 0;
		};
		AE434C1319D99AFE00FB0899 /* Resources */ = {
			isa = PBXResourcesBuildPhase;
			buildActionMask = 2147483647;
			files = (
			);
			runOnlyForDeploymentPostprocessing = 0;
		};
/* End PBXResourcesBuildPhase section */

/* Begin PBXSourcesBuildPhase section */
		AE434BF819D99AFE00FB0899 /* Sources */ = {
			isa = PBXSourcesBuildPhase;
			buildActionMask = 2147483647;
			files = (
				AEDF11D419D99F17007576C8 /* Room.m in Sources */,
				AEDF11C919D99E82007576C8 /* AFHTTPRequestOperation.m in Sources */,
				AEEDA34819DABD7600CAE637 /* HttpRequestManager.m in Sources */,
				AE434C0819D99AFE00FB0899 /* ViewController.m in Sources */,
				AEDF11CA19D99E82007576C8 /* AFHTTPRequestOperationManager.m in Sources */,
				AEDF11CC19D99E82007576C8 /* AFNetworkReachabilityManager.m in Sources */,
				AEEDA34D19DACA2800CAE637 /* GCDAsyncSocket.m in Sources */,
				AEDF11D019D99E82007576C8 /* AFURLResponseSerialization.m in Sources */,
				AEDF11DA19D9A6B9007576C8 /* AsyncUdpSocket.m in Sources */,
				AEDF11DD19D9A7B4007576C8 /* AlertViewController.m in Sources */,
				AEDF11CE19D99E82007576C8 /* AFURLConnectionOperation.m in Sources */,
				AEEDA34E19DACA2800CAE637 /* GCDAsyncUdpSocket.m in Sources */,
				AEDF11CD19D99E82007576C8 /* AFSecurityPolicy.m in Sources */,
				AEDF11CB19D99E82007576C8 /* AFHTTPSessionManager.m in Sources */,
				AEDF11CF19D99E82007576C8 /* AFURLRequestSerialization.m in Sources */,
				AEDF11D119D99E82007576C8 /* AFURLSessionManager.m in Sources */,
				AE434C0519D99AFE00FB0899 /* AppDelegate.m in Sources */,
				AE434C0219D99AFE00FB0899 /* main.m in Sources */,
				AEDF11D919D9A6B9007576C8 /* AsyncSocket.m in Sources */,
			);
			runOnlyForDeploymentPostprocessing = 0;
		};
		AE434C1119D99AFE00FB0899 /* Sources */ = {
			isa = PBXSourcesBuildPhase;
			buildActionMask = 2147483647;
			files = (
				AE434C1C19D99AFE00FB0899 /* SocketTest02Tests.m in Sources */,
			);
			runOnlyForDeploymentPostprocessing = 0;
		};
/* End PBXSourcesBuildPhase section */

/* Begin PBXTargetDependency section */
		AE434C1719D99AFE00FB0899 /* PBXTargetDependency */ = {
			isa = PBXTargetDependency;
			target = AE434BFB19D99AFE00FB0899 /* SocketTest02 */;
			targetProxy = AE434C1619D99AFE00FB0899 /* PBXContainerItemProxy */;
		};
/* End PBXTargetDependency section */

/* Begin PBXVariantGroup section */
		AE434C0919D99AFE00FB0899 /* Main.storyboard */ = {
			isa = PBXVariantGroup;
			children = (
				AE434C0A19D99AFE00FB0899 /* Base */,
			);
			name = Main.storyboard;
			sourceTree = "<group>";
		};
		AE434C0E19D99AFE00FB0899 /* LaunchScreen.xib */ = {
			isa = PBXVariantGroup;
			children = (
				AE434C0F19D99AFE00FB0899 /* Base */,
			);
			name = LaunchScreen.xib;
			sourceTree = "<group>";
		};
/* End PBXVariantGroup section */

/* Begin XCBuildConfiguration section */
		AE434C1D19D99AFE00FB0899 /* Debug */ = {
			isa = XCBuildConfiguration;
			buildSettings = {
				ALWAYS_SEARCH_USER_PATHS = NO;
				CLANG_CXX_LANGUAGE_STANDARD = "gnu++0x";
				CLANG_CXX_LIBRARY = "libc++";
				CLANG_ENABLE_MODULES = YES;
				CLANG_ENABLE_OBJC_ARC = YES;
				CLANG_WARN_BOOL_CONVERSION = YES;
				CLANG_WARN_CONSTANT_CONVERSION = YES;
				CLANG_WARN_DIRECT_OBJC_ISA_USAGE = YES_ERROR;
				CLANG_WARN_EMPTY_BODY = YES;
				CLANG_WARN_ENUM_CONVERSION = YES;
				CLANG_WARN_INT_CONVERSION = YES;
				CLANG_WARN_OBJC_ROOT_CLASS = YES_ERROR;
				CLANG_WARN_UNREACHABLE_CODE = YES;
				CLANG_WARN__DUPLICATE_METHOD_MATCH = YES;
				"CODE_SIGN_IDENTITY[sdk=iphoneos*]" = "iPhone Developer";
				COPY_PHASE_STRIP = NO;
				ENABLE_STRICT_OBJC_MSGSEND = YES;
				GCC_C_LANGUAGE_STANDARD = gnu99;
				GCC_DYNAMIC_NO_PIC = NO;
				GCC_OPTIMIZATION_LEVEL = 0;
				GCC_PREPROCESSOR_DEFINITIONS = (
					"DEBUG=1",
					"$(inherited)",
				);
				GCC_SYMBOLS_PRIVATE_EXTERN = NO;
				GCC_WARN_64_TO_32_BIT_CONVERSION = YES;
				GCC_WARN_ABOUT_RETURN_TYPE = YES_ERROR;
				GCC_WARN_UNDECLARED_SELECTOR = YES;
				GCC_WARN_UNINITIALIZED_AUTOS = YES_AGGRESSIVE;
				GCC_WARN_UNUSED_FUNCTION = YES;
				GCC_WARN_UNUSED_VARIABLE = YES;
				IPHONEOS_DEPLOYMENT_TARGET = 8.0;
				MTL_ENABLE_DEBUG_INFO = YES;
				ONLY_ACTIVE_ARCH = YES;
				SDKROOT = iphoneos;
			};
			name = Debug;
		};
		AE434C1E19D99AFE00FB0899 /* Release */ = {
			isa = XCBuildConfiguration;
			buildSettings = {
				ALWAYS_SEARCH_USER_PATHS = NO;
				CLANG_CXX_LANGUAGE_STANDARD = "gnu++0x";
				CLANG_CXX_LIBRARY = "libc++";
				CLANG_ENABLE_MODULES = YES;
				CLANG_ENABLE_OBJC_ARC = YES;
				CLANG_WARN_BOOL_CONVERSION = YES;
				CLANG_WARN_CONSTANT_CONVERSION = YES;
				CLANG_WARN_DIRECT_OBJC_ISA_USAGE = YES_ERROR;
				CLANG_WARN_EMPTY_BODY = YES;
				CLANG_WARN_ENUM_CONVERSION = YES;
				CLANG_WARN_INT_CONVERSION = YES;
				CLANG_WARN_OBJC_ROOT_CLASS = YES_ERROR;
				CLANG_WARN_UNREACHABLE_CODE = YES;
				CLANG_WARN__DUPLICATE_METHOD_MATCH = YES;
				"CODE_SIGN_IDENTITY[sdk=iphoneos*]" = "iPhone Developer";
				COPY_PHASE_STRIP = YES;
				ENABLE_NS_ASSERTIONS = NO;
				ENABLE_STRICT_OBJC_MSGSEND = YES;
				GCC_C_LANGUAGE_STANDARD = gnu99;
				GCC_WARN_64_TO_32_BIT_CONVERSION = YES;
				GCC_WARN_ABOUT_RETURN_TYPE = YES_ERROR;
				GCC_WARN_UNDECLARED_SELECTOR = YES;
				GCC_WARN_UNINITIALIZED_AUTOS = YES_AGGRESSIVE;
				GCC_WARN_UNUSED_FUNCTION = YES;
				GCC_WARN_UNUSED_VARIABLE = YES;
				IPHONEOS_DEPLOYMENT_TARGET = 8.0;
				MTL_ENABLE_DEBUG_INFO = NO;
				SDKROOT = iphoneos;
				VALIDATE_PRODUCT = YES;
			};
			name = Release;
		};
		AE434C2019D99AFE00FB0899 /* Debug */ = {
			isa = XCBuildConfiguration;
			buildSettings = {
				ASSETCATALOG_COMPILER_APPICON_NAME = AppIcon;
				INFOPLIST_FILE = SocketTest02/Info.plist;
				LD_RUNPATH_SEARCH_PATHS = "$(inherited) @executable_path/Frameworks";
				PRODUCT_NAME = "$(TARGET_NAME)";
			};
			name = Debug;
		};
		AE434C2119D99AFE00FB0899 /* Release */ = {
			isa = XCBuildConfiguration;
			buildSettings = {
				ASSETCATALOG_COMPILER_APPICON_NAME = AppIcon;
				INFOPLIST_FILE = SocketTest02/Info.plist;
				LD_RUNPATH_SEARCH_PATHS = "$(inherited) @executable_path/Frameworks";
				PRODUCT_NAME = "$(TARGET_NAME)";
			};
			name = Release;
		};
		AE434C2319D99AFE00FB0899 /* Debug */ = {
			isa = XCBuildConfiguration;
			buildSettings = {
				BUNDLE_LOADER = "$(TEST_HOST)";
				FRAMEWORK_SEARCH_PATHS = (
					"$(SDKROOT)/Developer/Library/Frameworks",
					"$(inherited)",
				);
				GCC_PREPROCESSOR_DEFINITIONS = (
					"DEBUG=1",
					"$(inherited)",
				);
				INFOPLIST_FILE = SocketTest02Tests/Info.plist;
				LD_RUNPATH_SEARCH_PATHS = "$(inherited) @executable_path/Frameworks @loader_path/Frameworks";
				PRODUCT_NAME = "$(TARGET_NAME)";
				TEST_HOST = "$(BUILT_PRODUCTS_DIR)/SocketTest02.app/SocketTest02";
			};
			name = Debug;
		};
		AE434C2419D99AFE00FB0899 /* Release */ = {
			isa = XCBuildConfiguration;
			buildSettings = {
				BUNDLE_LOADER = "$(TEST_HOST)";
				FRAMEWORK_SEARCH_PATHS = (
					"$(SDKROOT)/Developer/Library/Frameworks",
					"$(inherited)",
				);
				INFOPLIST_FILE = SocketTest02Tests/Info.plist;
				LD_RUNPATH_SEARCH_PATHS = "$(inherited) @executable_path/Frameworks @loader_path/Frameworks";
				PRODUCT_NAME = "$(TARGET_NAME)";
				TEST_HOST = "$(BUILT_PRODUCTS_DIR)/SocketTest02.app/SocketTest02";
			};
			name = Release;
		};
/* End XCBuildConfiguration section */

/* Begin XCConfigurationList section */
		AE434BF719D99AFE00FB0899 /* Build configuration list for PBXProject "SocketTest02" */ = {
			isa = XCConfigurationList;
			buildConfigurations = (
				AE434C1D19D99AFE00FB0899 /* Debug */,
				AE434C1E19D99AFE00FB0899 /* Release */,
			);
			defaultConfigurationIsVisible = 0;
			defaultConfigurationName = Release;
		};
		AE434C1F19D99AFE00FB0899 /* Build configuration list for PBXNativeTarget "SocketTest02" */ = {
			isa = XCConfigurationList;
			buildConfigurations = (
				AE434C2019D99AFE00FB0899 /* Debug */,
				AE434C2119D99AFE00FB0899 /* Release */,
			);
			defaultConfigurationIsVisible = 0;
			defaultConfigurationName = Release;
		};
		AE434C2219D99AFE00FB0899 /* Build configuration list for PBXNativeTarget "SocketTest02Tests" */ = {
			isa = XCConfigurationList;
			buildConfigurations = (
				AE434C2319D99AFE00FB0899 /* Debug */,
				AE434C2419D99AFE00FB0899 /* Release */,
			);
			defaultConfigurationIsVisible = 0;
			defaultConfigurationName = Release;
		};
/* End XCConfigurationList section */
	};
	rootObject = AE434BF419D99AFE00FB0899 /* Project object */;
}
